
Microsoft Visual Studio Solution File, Format Version 12.00
# Visual Studio Version 17
VisualStudioVersion = 17.13.35825.156
MinimumVisualStudioVersion = 10.0.40219.1
Project("{FAE04EC0-301F-11D3-BF4B-00C04F79EFBC}") = "Probanx.HealthReport", "Probanx.HealthReport\Probanx.HealthReport.csproj", "{169C763E-9017-402A-930E-2A38B52ADADC}"
EndProject
Project("{FAE04EC0-301F-11D3-BF4B-00C04F79EFBC}") = "Probanx.HealthReport.UI", "Probanx.HealthReport.UI\Probanx.HealthReport.UI.csproj", "{B30A5FAA-4768-4FAE-945F-A5E0FBC49B9C}"
EndProject
Project("{FAE04EC0-301F-11D3-BF4B-00C04F79EFBC}") = "Probanx.HealthReport.Tests", "Probanx.HealthReport.Tests\Probanx.HealthReport.Tests.csproj", "{AD5CD53F-78C0-4E15-9931-7B8B1EF5AF31}"
EndProject
Global
	GlobalSection(SolutionConfigurationPlatforms) = preSolution
		Debug|Any CPU = Debug|Any CPU
		Release|Any CPU = Release|Any CPU
	EndGlobalSection
	GlobalSection(ProjectConfigurationPlatforms) = postSolution
		{169C763E-9017-402A-930E-2A38B52ADADC}.Debug|Any CPU.ActiveCfg = Debug|Any CPU
		{169C763E-9017-402A-930E-2A38B52ADADC}.Debug|Any CPU.Build.0 = Debug|Any CPU
		{169C763E-9017-402A-930E-2A38B52ADADC}.Release|Any CPU.ActiveCfg = Release|Any CPU
		{169C763E-9017-402A-930E-2A38B52ADADC}.Release|Any CPU.Build.0 = Release|Any CPU
		{B30A5FAA-4768-4FAE-945F-A5E0FBC49B9C}.Debug|Any CPU.ActiveCfg = Debug|Any CPU
		{B30A5FAA-4768-4FAE-945F-A5E0FBC49B9C}.Debug|Any CPU.Build.0 = Debug|Any CPU
		{B30A5FAA-4768-4FAE-945F-A5E0FBC49B9C}.Release|Any CPU.ActiveCfg = Release|Any CPU
		{B30A5FAA-4768-4FAE-945F-A5E0FBC49B9C}.Release|Any CPU.Build.0 = Release|Any CPU
		{AD5CD53F-78C0-4E15-9931-7B8B1EF5AF31}.Debug|Any CPU.ActiveCfg = Debug|Any CPU
		{AD5CD53F-78C0-4E15-9931-7B8B1EF5AF31}.Debug|Any CPU.Build.0 = Debug|Any CPU
		{AD5CD53F-78C0-4E15-9931-7B8B1EF5AF31}.Release|Any CPU.ActiveCfg = Release|Any CPU
		{AD5CD53F-78C0-4E15-9931-7B8B1EF5AF31}.Release|Any CPU.Build.0 = Release|Any CPU
	EndGlobalSection
	GlobalSection(SolutionProperties) = preSolution
		HideSolutionNode = FALSE
	EndGlobalSection
	GlobalSection(ExtensibilityGlobals) = postSolution
		SolutionGuid = {527022BC-1EE8-4445-9A1C-38A1CFA99C78}
	EndGlobalSection
EndGlobal
